
Microsoft Visual Studio Solution File, Format Version 12.00
# Visual Studio Version 17
VisualStudioVersion = 17.6.33829.357
MinimumVisualStudioVersion = 10.0.40219.1
Project("{FAE04EC0-301F-11D3-BF4B-00C04F79EFBC}") = "PinkPong", "PinkPong.csproj", "{94B348A4-0C20-414D-AE51-5F5A962409BA}"
EndProject
Global
	GlobalSection(SolutionConfigurationPlatforms) = preSolution
		Debug|Any CPU = Debug|Any CPU
		Release|Any CPU = Release|Any CPU
	EndGlobalSection
	GlobalSection(ProjectConfigurationPlatforms) = postSolution
		{94B348A4-0C20-414D-AE51-5F5A962409BA}.Debug|Any CPU.ActiveCfg = Debug|Any CPU
		{94B348A4-0C20-414D-AE51-5F5A962409BA}.Debug|Any CPU.Build.0 = Debug|Any CPU
		{94B348A4-0C20-414D-AE51-5F5A962409BA}.Release|Any CPU.ActiveCfg = Release|Any CPU
		{94B348A4-0C20-414D-AE51-5F5A962409BA}.Release|Any CPU.Build.0 = Release|Any CPU
	EndGlobalSection
	GlobalSection(SolutionProperties) = preSolution
		HideSolutionNode = FALSE
	EndGlobalSection
	GlobalSection(ExtensibilityGlobals) = postSolution
		SolutionGuid = {2CE3FA5A-C629-4F3E-8EC1-EFC943D06E97}
	EndGlobalSection
EndGlobal
